
Microsoft Visual Studio Solution File, Format Version 12.00
# Visual Studio Version 17
VisualStudioVersion = 17.0.32112.339
MinimumVisualStudioVersion = 10.0.40219.1
Project("{FAE04EC0-301F-11D3-BF4B-00C04F79EFBC}") = "CodeWarsTraining", "CodeWarsTraining\CodeWarsTraining.csproj", "{EAC07140-D7A8-4FCF-9CA4-130C3C99351C}"
EndProject
Global
	GlobalSection(SolutionConfigurationPlatforms) = preSolution
		Debug|Any CPU = Debug|Any CPU
		Release|Any CPU = Release|Any CPU
	EndGlobalSection
	GlobalSection(ProjectConfigurationPlatforms) = postSolution
		{EAC07140-D7A8-4FCF-9CA4-130C3C99351C}.Debug|Any CPU.ActiveCfg = Debug|Any CPU
		{EAC07140-D7A8-4FCF-9CA4-130C3C99351C}.Debug|Any CPU.Build.0 = Debug|Any CPU
		{EAC07140-D7A8-4FCF-9CA4-130C3C99351C}.Release|Any CPU.ActiveCfg = Release|Any CPU
		{EAC07140-D7A8-4FCF-9CA4-130C3C99351C}.Release|Any CPU.Build.0 = Release|Any CPU
	EndGlobalSection
	GlobalSection(SolutionProperties) = preSolution
		HideSolutionNode = FALSE
	EndGlobalSection
	GlobalSection(ExtensibilityGlobals) = postSolution
		SolutionGuid = {F6B9BF4B-5B2A-43E1-B5BE-971F8C4DFFEE}
	EndGlobalSection
EndGlobal
